
Microsoft Visual Studio Solution File, Format Version 12.00
# Visual Studio Version 17
VisualStudioVersion = 17.0.32126.317
MinimumVisualStudioVersion = 10.0.40219.1
Project("{FAE04EC0-301F-11D3-BF4B-00C04F79EFBC}") = "Mini_Project_Azure", "Mini_Project_Azure\Mini_Project_Azure.csproj", "{9BF12CF9-E991-41BB-B5C3-1C8352DF0A26}"
EndProject
Global
	GlobalSection(SolutionConfigurationPlatforms) = preSolution
		Debug|Any CPU = Debug|Any CPU
		Release|Any CPU = Release|Any CPU
	EndGlobalSection
	GlobalSection(ProjectConfigurationPlatforms) = postSolution
		{9BF12CF9-E991-41BB-B5C3-1C8352DF0A26}.Debug|Any CPU.ActiveCfg = Debug|Any CPU
		{9BF12CF9-E991-41BB-B5C3-1C8352DF0A26}.Debug|Any CPU.Build.0 = Debug|Any CPU
		{9BF12CF9-E991-41BB-B5C3-1C8352DF0A26}.Release|Any CPU.ActiveCfg = Release|Any CPU
		{9BF12CF9-E991-41BB-B5C3-1C8352DF0A26}.Release|Any CPU.Build.0 = Release|Any CPU
	EndGlobalSection
	GlobalSection(SolutionProperties) = preSolution
		HideSolutionNode = FALSE
	EndGlobalSection
	GlobalSection(ExtensibilityGlobals) = postSolution
		SolutionGuid = {95A2E666-A579-4CAA-B6E0-857363EFE557}
	EndGlobalSection
EndGlobal
