
Microsoft Visual Studio Solution File, Format Version 12.00
# Visual Studio Version 17
VisualStudioVersion = 17.0.32126.317
MinimumVisualStudioVersion = 10.0.40219.1
Project("{FAE04EC0-301F-11D3-BF4B-00C04F79EFBC}") = "CodeBaseTest-5", "CodeBaseTest-5\CodeBaseTest-5.csproj", "{9EEC23E2-17FE-424D-934B-07FDC3A6F3A5}"
EndProject
Global
	GlobalSection(SolutionConfigurationPlatforms) = preSolution
		Debug|Any CPU = Debug|Any CPU
		Release|Any CPU = Release|Any CPU
	EndGlobalSection
	GlobalSection(ProjectConfigurationPlatforms) = postSolution
		{9EEC23E2-17FE-424D-934B-07FDC3A6F3A5}.Debug|Any CPU.ActiveCfg = Debug|Any CPU
		{9EEC23E2-17FE-424D-934B-07FDC3A6F3A5}.Debug|Any CPU.Build.0 = Debug|Any CPU
		{9EEC23E2-17FE-424D-934B-07FDC3A6F3A5}.Release|Any CPU.ActiveCfg = Release|Any CPU
		{9EEC23E2-17FE-424D-934B-07FDC3A6F3A5}.Release|Any CPU.Build.0 = Release|Any CPU
	EndGlobalSection
	GlobalSection(SolutionProperties) = preSolution
		HideSolutionNode = FALSE
	EndGlobalSection
	GlobalSection(ExtensibilityGlobals) = postSolution
		SolutionGuid = {3F396CA8-8E7A-4DE2-A63E-7946798ABC7B}
	EndGlobalSection
EndGlobal
